
Microsoft Visual Studio Solution File, Format Version 12.00
# Visual Studio 2012
Project("{FAE04EC0-301F-11D3-BF4B-00C04F79EFBC}") = "exercise_1", "exercise_!\exercise_1.csproj", "{27068D8A-ECEE-4C42-80C5-E983C7C29729}"
EndProject
Global
	GlobalSection(SolutionConfigurationPlatforms) = preSolution
		Debug|Any CPU = Debug|Any CPU
		Release|Any CPU = Release|Any CPU
	EndGlobalSection
	GlobalSection(ProjectConfigurationPlatforms) = postSolution
		{27068D8A-ECEE-4C42-80C5-E983C7C29729}.Debug|Any CPU.ActiveCfg = Debug|Any CPU
		{27068D8A-ECEE-4C42-80C5-E983C7C29729}.Debug|Any CPU.Build.0 = Debug|Any CPU
		{27068D8A-ECEE-4C42-80C5-E983C7C29729}.Release|Any CPU.ActiveCfg = Release|Any CPU
		{27068D8A-ECEE-4C42-80C5-E983C7C29729}.Release|Any CPU.Build.0 = Release|Any CPU
	EndGlobalSection
	GlobalSection(SolutionProperties) = preSolution
		HideSolutionNode = FALSE
	EndGlobalSection
EndGlobal
